
Microsoft Visual Studio Solution File, Format Version 12.00
# Visual Studio Version 17
VisualStudioVersion = 17.0.32112.339
MinimumVisualStudioVersion = 10.0.40219.1
Project("{9A19103F-16F7-4668-BE54-9A1E7A4F7556}") = "DependencyInjectionExercise", "DependencyInjectionExercise.csproj", "{EC511BF8-946F-435E-A7F8-DF4D3FA0388D}"
EndProject
Global
	GlobalSection(SolutionConfigurationPlatforms) = preSolution
		Debug|Any CPU = Debug|Any CPU
		Release|Any CPU = Release|Any CPU
	EndGlobalSection
	GlobalSection(ProjectConfigurationPlatforms) = postSolution
		{EC511BF8-946F-435E-A7F8-DF4D3FA0388D}.Debug|Any CPU.ActiveCfg = Debug|Any CPU
		{EC511BF8-946F-435E-A7F8-DF4D3FA0388D}.Debug|Any CPU.Build.0 = Debug|Any CPU
		{EC511BF8-946F-435E-A7F8-DF4D3FA0388D}.Release|Any CPU.ActiveCfg = Release|Any CPU
		{EC511BF8-946F-435E-A7F8-DF4D3FA0388D}.Release|Any CPU.Build.0 = Release|Any CPU
	EndGlobalSection
	GlobalSection(SolutionProperties) = preSolution
		HideSolutionNode = FALSE
	EndGlobalSection
	GlobalSection(ExtensibilityGlobals) = postSolution
		SolutionGuid = {60B6D105-F574-40C5-9C6C-1AF83E524DAA}
	EndGlobalSection
EndGlobal
