
Microsoft Visual Studio Solution File, Format Version 12.00
# Visual Studio Version 17
VisualStudioVersion = 17.0.32112.339
MinimumVisualStudioVersion = 10.0.40219.1
Project("{FAE04EC0-301F-11D3-BF4B-00C04F79EFBC}") = "DependencyInjectionExercise", "DependencyInjectionExercise\DependencyInjectionExercise.csproj", "{F0665C2A-F4A4-4FAC-8690-5A98994CFFE8}"
EndProject
Global
	GlobalSection(SolutionConfigurationPlatforms) = preSolution
		Debug|Any CPU = Debug|Any CPU
		Release|Any CPU = Release|Any CPU
	EndGlobalSection
	GlobalSection(ProjectConfigurationPlatforms) = postSolution
		{F0665C2A-F4A4-4FAC-8690-5A98994CFFE8}.Debug|Any CPU.ActiveCfg = Debug|Any CPU
		{F0665C2A-F4A4-4FAC-8690-5A98994CFFE8}.Debug|Any CPU.Build.0 = Debug|Any CPU
		{F0665C2A-F4A4-4FAC-8690-5A98994CFFE8}.Release|Any CPU.ActiveCfg = Release|Any CPU
		{F0665C2A-F4A4-4FAC-8690-5A98994CFFE8}.Release|Any CPU.Build.0 = Release|Any CPU
	EndGlobalSection
	GlobalSection(SolutionProperties) = preSolution
		HideSolutionNode = FALSE
	EndGlobalSection
	GlobalSection(ExtensibilityGlobals) = postSolution
		SolutionGuid = {60B6D105-F574-40C5-9C6C-1AF83E524DAA}
	EndGlobalSection
EndGlobal
